// !$*UTF8*$!
{
	archiveVersion = 1;
	classes = {
	};
	objectVersion = 50;
	objects = {

/* Begin PBXBuildFile section */
		FA0A1B9925B302C00037AEEA /* AppDelegate.swift in Sources */ = {isa = PBXBuildFile; fileRef = FA0A1B9825B302C00037AEEA /* AppDelegate.swift */; };
		FA0A1B9B25B302C00037AEEA /* SceneDelegate.swift in Sources */ = {isa = PBXBuildFile; fileRef = FA0A1B9A25B302C00037AEEA /* SceneDelegate.swift */; };
		FA0A1B9D25B302C00037AEEA /* ViewController.swift in Sources */ = {isa = PBXBuildFile; fileRef = FA0A1B9C25B302C00037AEEA /* ViewController.swift */; };
		FA0A1BA025B302C00037AEEA /* Main.storyboard in Resources */ = {isa = PBXBuildFile; fileRef = FA0A1B9E25B302C00037AEEA /* Main.storyboard */; };
		FA0A1BA225B302C30037AEEA /* Assets.xcassets in Resources */ = {isa = PBXBuildFile; fileRef = FA0A1BA125B302C30037AEEA /* Assets.xcassets */; };
		FA0A1BA525B302C30037AEEA /* LaunchScreen.storyboard in Resources */ = {isa = PBXBuildFile; fileRef = FA0A1BA325B302C30037AEEA /* LaunchScreen.storyboard */; };
/* End PBXBuildFile section */

/* Begin PBXFileReference section */
		FA0A1B9525B302C00037AEEA /* GeekBrainsHomework.app */ = {isa = PBXFileReference; explicitFileType = wrapper.application; includeInIndex = 0; path = GeekBrainsHomework.app; sourceTree = BUILT_PRODUCTS_DIR; };
		FA0A1B9825B302C00037AEEA /* AppDelegate.swift */ = {isa = PBXFileReference; lastKnownFileType = sourcecode.swift; path = AppDelegate.swift; sourceTree = "<group>"; };
		FA0A1B9A25B302C00037AEEA /* SceneDelegate.swift */ = {isa = PBXFileReference; lastKnownFileType = sourcecode.swift; path = SceneDelegate.swift; sourceTree = "<group>"; };
		FA0A1B9C25B302C00037AEEA /* ViewController.swift */ = {isa = PBXFileReference; lastKnownFileType = sourcecode.swift; path = ViewController.swift; sourceTree = "<group>"; };
		FA0A1B9F25B302C00037AEEA /* Base */ = {isa = PBXFileReference; lastKnownFileType = file.storyboard; name = Base; path = Base.lproj/Main.storyboard; sourceTree = "<group>"; };
		FA0A1BA125B302C30037AEEA /* Assets.xcassets */ = {isa = PBXFileReference; lastKnownFileType = folder.assetcatalog; path = Assets.xcassets; sourceTree = "<group>"; };
		FA0A1BA425B302C30037AEEA /* Base */ = {isa = PBXFileReference; lastKnownFileType = file.storyboard; name = Base; path = Base.lproj/LaunchScreen.storyboard; sourceTree = "<group>"; };
		FA0A1BA625B302C30037AEEA /* Info.plist */ = {isa = PBXFileReference; lastKnownFileType = text.plist.xml; path = Info.plist; sourceTree = "<group>"; };
/* End PBXFileReference section */

/* Begin PBXFrameworksBuildPhase section */
		FA0A1B9225B302C00037AEEA /* Frameworks */ = {
			isa = PBXFrameworksBuildPhase;
			buildActionMask = 2147483647;
			files = (
			);
			runOnlyForDeploymentPostprocessing = 0;
		};
/* End PBXFrameworksBuildPhase section */

/* Begin PBXGroup section */
		FA0A1B8C25B302C00037AEEA = {
			isa = PBXGroup;
			children = (
				FA0A1B9725B302C00037AEEA /* GeekBrainsHomework */,
				FA0A1B9625B302C00037AEEA /* Products */,
			);
			sourceTree = "<group>";
		};
		FA0A1B9625B302C00037AEEA /* Products */ = {
			isa = PBXGroup;
			children = (
				FA0A1B9525B302C00037AEEA /* GeekBrainsHomework.app */,
			);
			name = Products;
			sourceTree = "<group>";
		};
		FA0A1B9725B302C00037AEEA /* GeekBrainsHomework */ = {
			isa = PBXGroup;
			children = (
				FA0A1B9825B302C00037AEEA /* AppDelegate.swift */,
				FA0A1B9A25B302C00037AEEA /* SceneDelegate.swift */,
				FA0A1B9C25B302C00037AEEA /* ViewController.swift */,
				FA0A1B9E25B302C00037AEEA /* Main.storyboard */,
				FA0A1BA125B302C30037AEEA /* Assets.xcassets */,
				FA0A1BA325B302C30037AEEA /* LaunchScreen.storyboard */,
				FA0A1BA625B302C30037AEEA /* Info.plist */,
			);
			path = GeekBrainsHomework;
			sourceTree = "<group>";
		};
/* End PBXGroup section */

/* Begin PBXNativeTarget section */
		FA0A1B9425B302C00037AEEA /* GeekBrainsHomework */ = {
			isa = PBXNativeTarget;
			buildConfigurationList = FA0A1BA925B302C30037AEEA /* Build configuration list for PBXNativeTarget "GeekBrainsHomework" */;
			buildPhases = (
				FA0A1B9125B302C00037AEEA /* Sources */,
				FA0A1B9225B302C00037AEEA /* Frameworks */,
				FA0A1B9325B302C00037AEEA /* Resources */,
			);
			buildRules = (
			);
			dependencies = (
			);
			name = GeekBrainsHomework;
			productName = GeekBrainsHomework;
			productReference = FA0A1B9525B302C00037AEEA /* GeekBrainsHomework.app */;
			productType = "com.apple.product-type.application";
		};
/* End PBXNativeTarget section */

/* Begin PBXProject section */
		FA0A1B8D25B302C00037AEEA /* Project object */ = {
			isa = PBXProject;
			attributes = {
				LastSwiftUpdateCheck = 1230;
				LastUpgradeCheck = 1230;
				TargetAttributes = {
					FA0A1B9425B302C00037AEEA = {
						CreatedOnToolsVersion = 12.3;
					};
				};
			};
			buildConfigurationList = FA0A1B9025B302C00037AEEA /* Build configuration list for PBXProject "GeekBrainsHomework" */;
			compatibilityVersion = "Xcode 9.3";
			developmentRegion = en;
			hasScannedForEncodings = 0;
			knownRegions = (
				en,
				Base,
			);
			mainGroup = FA0A1B8C25B302C00037AEEA;
			productRefGroup = FA0A1B9625B302C00037AEEA /* Products */;
			projectDirPath = "";
			projectRoot = "";
			targets = (
				FA0A1B9425B302C00037AEEA /* GeekBrainsHomework */,
			);
		};
/* End PBXProject section */

/* Begin PBXResourcesBuildPhase section */
		FA0A1B9325B302C00037AEEA /* Resources */ = {
			isa = PBXResourcesBuildPhase;
			buildActionMask = 2147483647;
			files = (
				FA0A1BA525B302C30037AEEA /* LaunchScreen.storyboard in Resources */,
				FA0A1BA225B302C30037AEEA /* Assets.xcassets in Resources */,
				FA0A1BA025B302C00037AEEA /* Main.storyboard in Resources */,
			);
			runOnlyForDeploymentPostprocessing = 0;
		};
/* End PBXResourcesBuildPhase section */

/* Begin PBXSourcesBuildPhase section */
		FA0A1B9125B302C00037AEEA /* Sources */ = {
			isa = PBXSourcesBuildPhase;
			buildActionMask = 2147483647;
			files = (
				FA0A1B9D25B302C00037AEEA /* ViewController.swift in Sources */,
				FA0A1B9925B302C00037AEEA /* AppDelegate.swift in Sources */,
				FA0A1B9B25B302C00037AEEA /* SceneDelegate.swift in Sources */,
			);
			runOnlyForDeploymentPostprocessing = 0;
		};
/* End PBXSourcesBuildPhase section */

/* Begin PBXVariantGroup section */
		FA0A1B9E25B302C00037AEEA /* Main.storyboard */ = {
			isa = PBXVariantGroup;
			children = (
				FA0A1B9F25B302C00037AEEA /* Base */,
			);
			name = Main.storyboard;
			sourceTree = "<group>";
		};
		FA0A1BA325B302C30037AEEA /* LaunchScreen.storyboard */ = {
			isa = PBXVariantGroup;
			children = (
				FA0A1BA425B302C30037AEEA /* Base */,
			);
			name = LaunchScreen.storyboard;
			sourceTree = "<group>";
		};
/* End PBXVariantGroup section */

/* Begin XCBuildConfiguration section */
		FA0A1BA725B302C30037AEEA /* Debug */ = {
			isa = XCBuildConfiguration;
			buildSettings = {
				ALWAYS_SEARCH_USER_PATHS = NO;
				CLANG_ANALYZER_NONNULL = YES;
				CLANG_ANALYZER_NUMBER_OBJECT_CONVERSION = YES_AGGRESSIVE;
				CLANG_CXX_LANGUAGE_STANDARD = "gnu++14";
				CLANG_CXX_LIBRARY = "libc++";
				CLANG_ENABLE_MODULES = YES;
				CLANG_ENABLE_OBJC_ARC = YES;
				CLANG_ENABLE_OBJC_WEAK = YES;
				CLANG_WARN_BLOCK_CAPTURE_AUTORELEASING = YES;
				CLANG_WARN_BOOL_CONVERSION = YES;
				CLANG_WARN_COMMA = YES;
				CLANG_WARN_CONSTANT_CONVERSION = YES;
				CLANG_WARN_DEPRECATED_OBJC_IMPLEMENTATIONS = YES;
				CLANG_WARN_DIRECT_OBJC_ISA_USAGE = YES_ERROR;
				CLANG_WARN_DOCUMENTATION_COMMENTS = YES;
				CLANG_WARN_EMPTY_BODY = YES;
				CLANG_WARN_ENUM_CONVERSION = YES;
				CLANG_WARN_INFINITE_RECURSION = YES;
				CLANG_WARN_INT_CONVERSION = YES;
				CLANG_WARN_NON_LITERAL_NULL_CONVERSION = YES;
				CLANG_WARN_OBJC_IMPLICIT_RETAIN_SELF = YES;
				CLANG_WARN_OBJC_LITERAL_CONVERSION = YES;
				CLANG_WARN_OBJC_ROOT_CLASS = YES_ERROR;
				CLANG_WARN_QUOTED_INCLUDE_IN_FRAMEWORK_HEADER = YES;
				CLANG_WARN_RANGE_LOOP_ANALYSIS = YES;
				CLANG_WARN_STRICT_PROTOTYPES = YES;
				CLANG_WARN_SUSPICIOUS_MOVE = YES;
				CLANG_WARN_UNGUARDED_AVAILABILITY = YES_AGGRESSIVE;
				CLANG_WARN_UNREACHABLE_CODE = YES;
				CLANG_WARN__DUPLICATE_METHOD_MATCH = YES;
				COPY_PHASE_STRIP = NO;
				DEBUG_INFORMATION_FORMAT = dwarf;
				ENABLE_STRICT_OBJC_MSGSEND = YES;
				ENABLE_TESTABILITY = YES;
				GCC_C_LANGUAGE_STANDARD = gnu11;
				GCC_DYNAMIC_NO_PIC = NO;
				GCC_NO_COMMON_BLOCKS = YES;
				GCC_OPTIMIZATION_LEVEL = 0;
				GCC_PREPROCESSOR_DEFINITIONS = (
					"DEBUG=1",
					"$(inherited)",
				);
				GCC_WARN_64_TO_32_BIT_CONVERSION = YES;
				GCC_WARN_ABOUT_RETURN_TYPE = YES_ERROR;
				GCC_WARN_UNDECLARED_SELECTOR = YES;
				GCC_WARN_UNINITIALIZED_AUTOS = YES_AGGRESSIVE;
				GCC_WARN_UNUSED_FUNCTION = YES;
				GCC_WARN_UNUSED_VARIABLE = YES;
				IPHONEOS_DEPLOYMENT_TARGET = 14.3;
				MTL_ENABLE_DEBUG_INFO = INCLUDE_SOURCE;
				MTL_FAST_MATH = YES;
				ONLY_ACTIVE_ARCH = YES;
				SDKROOT = iphoneos;
				SWIFT_ACTIVE_COMPILATION_CONDITIONS = DEBUG;
				SWIFT_OPTIMIZATION_LEVEL = "-Onone";
			};
			name = Debug;
		};
		FA0A1BA825B302C30037AEEA /* Release */ = {
			isa = XCBuildConfiguration;
			buildSettings = {
				ALWAYS_SEARCH_USER_PATHS = NO;
				CLANG_ANALYZER_NONNULL = YES;
				CLANG_ANALYZER_NUMBER_OBJECT_CONVERSION = YES_AGGRESSIVE;
				CLANG_CXX_LANGUAGE_STANDARD = "gnu++14";
				CLANG_CXX_LIBRARY = "libc++";
				CLANG_ENABLE_MODULES = YES;
				CLANG_ENABLE_OBJC_ARC = YES;
				CLANG_ENABLE_OBJC_WEAK = YES;
				CLANG_WARN_BLOCK_CAPTURE_AUTORELEASING = YES;
				CLANG_WARN_BOOL_CONVERSION = YES;
				CLANG_WARN_COMMA = YES;
				CLANG_WARN_CONSTANT_CONVERSION = YES;
				CLANG_WARN_DEPRECATED_OBJC_IMPLEMENTATIONS = YES;
				CLANG_WARN_DIRECT_OBJC_ISA_USAGE = YES_ERROR;
				CLANG_WARN_DOCUMENTATION_COMMENTS = YES;
				CLANG_WARN_EMPTY_BODY = YES;
				CLANG_WARN_ENUM_CONVERSION = YES;
				CLANG_WARN_INFINITE_RECURSION = YES;
				CLANG_WARN_INT_CONVERSION = YES;
				CLANG_WARN_NON_LITERAL_NULL_CONVERSION = YES;
				CLANG_WARN_OBJC_IMPLICIT_RETAIN_SELF = YES;
				CLANG_WARN_OBJC_LITERAL_CONVERSION = YES;
				CLANG_WARN_OBJC_ROOT_CLASS = YES_ERROR;
				CLANG_WARN_QUOTED_INCLUDE_IN_FRAMEWORK_HEADER = YES;
				CLANG_WARN_RANGE_LOOP_ANALYSIS = YES;
				CLANG_WARN_STRICT_PROTOTYPES = YES;
				CLANG_WARN_SUSPICIOUS_MOVE = YES;
				CLANG_WARN_UNGUARDED_AVAILABILITY = YES_AGGRESSIVE;
				CLANG_WARN_UNREACHABLE_CODE = YES;
				CLANG_WARN__DUPLICATE_METHOD_MATCH = YES;
				COPY_PHASE_STRIP = NO;
				DEBUG_INFORMATION_FORMAT = "dwarf-with-dsym";
				ENABLE_NS_ASSERTIONS = NO;
				ENABLE_STRICT_OBJC_MSGSEND = YES;
				GCC_C_LANGUAGE_STANDARD = gnu11;
				GCC_NO_COMMON_BLOCKS = YES;
				GCC_WARN_64_TO_32_BIT_CONVERSION = YES;
				GCC_WARN_ABOUT_RETURN_TYPE = YES_ERROR;
				GCC_WARN_UNDECLARED_SELECTOR = YES;
				GCC_WARN_UNINITIALIZED_AUTOS = YES_AGGRESSIVE;
				GCC_WARN_UNUSED_FUNCTION = YES;
				GCC_WARN_UNUSED_VARIABLE = YES;
				IPHONEOS_DEPLOYMENT_TARGET = 14.3;
				MTL_ENABLE_DEBUG_INFO = NO;
				MTL_FAST_MATH = YES;
				SDKROOT = iphoneos;
				SWIFT_COMPILATION_MODE = wholemodule;
				SWIFT_OPTIMIZATION_LEVEL = "-O";
				VALIDATE_PRODUCT = YES;
			};
			name = Release;
		};
		FA0A1BAA25B302C30037AEEA /* Debug */ = {
			isa = XCBuildConfiguration;
			buildSettings = {
				ASSETCATALOG_COMPILER_APPICON_NAME = AppIcon;
				ASSETCATALOG_COMPILER_GLOBAL_ACCENT_COLOR_NAME = AccentColor;
				CODE_SIGN_STYLE = Automatic;
				DEVELOPMENT_TEAM = J8X7N86523;
				INFOPLIST_FILE = GeekBrainsHomework/Info.plist;
				LD_RUNPATH_SEARCH_PATHS = (
					"$(inherited)",
					"@executable_path/Frameworks",
				);
				PRODUCT_BUNDLE_IDENTIFIER = "MA-Inc.GeekBrainsHomework";
				PRODUCT_NAME = "$(TARGET_NAME)";
				SWIFT_VERSION = 5.0;
				TARGETED_DEVICE_FAMILY = "1,2";
			};
			name = Debug;
		};
		FA0A1BAB25B302C30037AEEA /* Release */ = {
			isa = XCBuildConfiguration;
			buildSettings = {
				ASSETCATALOG_COMPILER_APPICON_NAME = AppIcon;
				ASSETCATALOG_COMPILER_GLOBAL_ACCENT_COLOR_NAME = AccentColor;
				CODE_SIGN_STYLE = Automatic;
				DEVELOPMENT_TEAM = J8X7N86523;
				INFOPLIST_FILE = GeekBrainsHomework/Info.plist;
				LD_RUNPATH_SEARCH_PATHS = (
					"$(inherited)",
					"@executable_path/Frameworks",
				);
				PRODUCT_BUNDLE_IDENTIFIER = "MA-Inc.GeekBrainsHomework";
				PRODUCT_NAME = "$(TARGET_NAME)";
				SWIFT_VERSION = 5.0;
				TARGETED_DEVICE_FAMILY = "1,2";
			};
			name = Release;
		};
/* End XCBuildConfiguration section */

/* Begin XCConfigurationList section */
		FA0A1B9025B302C00037AEEA /* Build configuration list for PBXProject "GeekBrainsHomework" */ = {
			isa = XCConfigurationList;
			buildConfigurations = (
				FA0A1BA725B302C30037AEEA /* Debug */,
				FA0A1BA825B302C30037AEEA /* Release */,
			);
			defaultConfigurationIsVisible = 0;
			defaultConfigurationName = Release;
		};
		FA0A1BA925B302C30037AEEA /* Build configuration list for PBXNativeTarget "GeekBrainsHomework" */ = {
			isa = XCConfigurationList;
			buildConfigurations = (
				FA0A1BAA25B302C30037AEEA /* Debug */,
				FA0A1BAB25B302C30037AEEA /* Release */,
			);
			defaultConfigurationIsVisible = 0;
			defaultConfigurationName = Release;
		};
/* End XCConfigurationList section */
	};
	rootObject = FA0A1B8D25B302C00037AEEA /* Project object */;
}
